
Microsoft Visual Studio Solution File, Format Version 12.00
# Visual Studio Version 17
VisualStudioVersion = 17.0.31903.59
MinimumVisualStudioVersion = 10.0.40219.1
Project("{2150E333-8FDC-42A3-9474-1A3956D46DE8}") = "src", "src", "{827E0CD3-B72D-47B6-A68D-7590B98EB39B}"
EndProject
Project("{FAE04EC0-301F-11D3-BF4B-00C04F79EFBC}") = "HeatFlow.Domain", "src\HeatFlow.Domain\HeatFlow.Domain.csproj", "{74888C7A-53B6-4F9D-B9E8-3378D11B53FB}"
EndProject
Project("{FAE04EC0-301F-11D3-BF4B-00C04F79EFBC}") = "HeatFlow.Core", "src\HeatFlow.Core\HeatFlow.Core.csproj", "{EF3201C4-1B09-4E37-8A4F-5CA9CB8FE952}"
EndProject
Project("{FAE04EC0-301F-11D3-BF4B-00C04F79EFBC}") = "HeatFlow.Infrastructure", "src\HeatFlow.Infrastructure\HeatFlow.Infrastructure.csproj", "{6CED2FC1-AA87-4544-80BF-DF499547392B}"
EndProject
Project("{FAE04EC0-301F-11D3-BF4B-00C04F79EFBC}") = "HeatFlow.Application", "src\HeatFlow.Application\HeatFlow.Application.csproj", "{63DA658D-9327-4599-B225-3F89C689B49D}"
EndProject
Project("{FAE04EC0-301F-11D3-BF4B-00C04F79EFBC}") = "HeatFlow.Console", "src\HeatFlow.Console\HeatFlow.Console.csproj", "{293018D6-ED44-4027-B09C-3B2CAAE64B49}"
EndProject
Project("{2150E333-8FDC-42A3-9474-1A3956D46DE8}") = "tests", "tests", "{0AB3BF05-4346-4AA6-1389-037BE0695223}"
EndProject
Project("{FAE04EC0-301F-11D3-BF4B-00C04F79EFBC}") = "HeatFlow.Core.Tests", "tests\HeatFlow.Core.Tests\HeatFlow.Core.Tests.csproj", "{8298A3F3-6192-4AEE-9059-78EA84C65508}"
EndProject
Project("{FAE04EC0-301F-11D3-BF4B-00C04F79EFBC}") = "HeatFlow.Infrastructure.Tests", "tests\HeatFlow.Infrastructure.Tests\HeatFlow.Infrastructure.Tests.csproj", "{513BCD4C-0B0B-4AB3-B2CC-CEFAEBEE6A15}"
EndProject
Project("{FAE04EC0-301F-11D3-BF4B-00C04F79EFBC}") = "HeatFlow.Application.Tests", "tests\HeatFlow.Application.Tests\HeatFlow.Application.Tests.csproj", "{0E3067CF-2E1C-4068-80DE-DBEAAF239CEF}"
EndProject
Project("{FAE04EC0-301F-11D3-BF4B-00C04F79EFBC}") = "HeatFlow.Api", "src\HeatFlow.Api\HeatFlow.Api.csproj", "{817AD6DB-9466-4CB5-92AB-62A41F0E8106}"
EndProject
Project("{FAE04EC0-301F-11D3-BF4B-00C04F79EFBC}") = "HeatFlow.Api.Tests", "tests\HeatFlow.Api.Tests\HeatFlow.Api.Tests.csproj", "{3A845B8B-7DCE-4256-9B60-26D240983853}"
EndProject
Global
	GlobalSection(SolutionConfigurationPlatforms) = preSolution
		Debug|Any CPU = Debug|Any CPU
		Debug|x64 = Debug|x64
		Debug|x86 = Debug|x86
		Release|Any CPU = Release|Any CPU
		Release|x64 = Release|x64
		Release|x86 = Release|x86
	EndGlobalSection
	GlobalSection(ProjectConfigurationPlatforms) = postSolution
		{74888C7A-53B6-4F9D-B9E8-3378D11B53FB}.Debug|Any CPU.ActiveCfg = Debug|Any CPU
		{74888C7A-53B6-4F9D-B9E8-3378D11B53FB}.Debug|Any CPU.Build.0 = Debug|Any CPU
		{74888C7A-53B6-4F9D-B9E8-3378D11B53FB}.Debug|x64.ActiveCfg = Debug|Any CPU
		{74888C7A-53B6-4F9D-B9E8-3378D11B53FB}.Debug|x64.Build.0 = Debug|Any CPU
		{74888C7A-53B6-4F9D-B9E8-3378D11B53FB}.Debug|x86.ActiveCfg = Debug|Any CPU
		{74888C7A-53B6-4F9D-B9E8-3378D11B53FB}.Debug|x86.Build.0 = Debug|Any CPU
		{74888C7A-53B6-4F9D-B9E8-3378D11B53FB}.Release|Any CPU.ActiveCfg = Release|Any CPU
		{74888C7A-53B6-4F9D-B9E8-3378D11B53FB}.Release|Any CPU.Build.0 = Release|Any CPU
		{74888C7A-53B6-4F9D-B9E8-3378D11B53FB}.Release|x64.ActiveCfg = Release|Any CPU
		{74888C7A-53B6-4F9D-B9E8-3378D11B53FB}.Release|x64.Build.0 = Release|Any CPU
		{74888C7A-53B6-4F9D-B9E8-3378D11B53FB}.Release|x86.ActiveCfg = Release|Any CPU
		{74888C7A-53B6-4F9D-B9E8-3378D11B53FB}.Release|x86.Build.0 = Release|Any CPU
		{EF3201C4-1B09-4E37-8A4F-5CA9CB8FE952}.Debug|Any CPU.ActiveCfg = Debug|Any CPU
		{EF3201C4-1B09-4E37-8A4F-5CA9CB8FE952}.Debug|Any CPU.Build.0 = Debug|Any CPU
		{EF3201C4-1B09-4E37-8A4F-5CA9CB8FE952}.Debug|x64.ActiveCfg = Debug|Any CPU
		{EF3201C4-1B09-4E37-8A4F-5CA9CB8FE952}.Debug|x64.Build.0 = Debug|Any CPU
		{EF3201C4-1B09-4E37-8A4F-5CA9CB8FE952}.Debug|x86.ActiveCfg = Debug|Any CPU
		{EF3201C4-1B09-4E37-8A4F-5CA9CB8FE952}.Debug|x86.Build.0 = Debug|Any CPU
		{EF3201C4-1B09-4E37-8A4F-5CA9CB8FE952}.Release|Any CPU.ActiveCfg = Release|Any CPU
		{EF3201C4-1B09-4E37-8A4F-5CA9CB8FE952}.Release|Any CPU.Build.0 = Release|Any CPU
		{EF3201C4-1B09-4E37-8A4F-5CA9CB8FE952}.Release|x64.ActiveCfg = Release|Any CPU
		{EF3201C4-1B09-4E37-8A4F-5CA9CB8FE952}.Release|x64.Build.0 = Release|Any CPU
		{EF3201C4-1B09-4E37-8A4F-5CA9CB8FE952}.Release|x86.ActiveCfg = Release|Any CPU
		{EF3201C4-1B09-4E37-8A4F-5CA9CB8FE952}.Release|x86.Build.0 = Release|Any CPU
		{6CED2FC1-AA87-4544-80BF-DF499547392B}.Debug|Any CPU.ActiveCfg = Debug|Any CPU
		{6CED2FC1-AA87-4544-80BF-DF499547392B}.Debug|Any CPU.Build.0 = Debug|Any CPU
		{6CED2FC1-AA87-4544-80BF-DF499547392B}.Debug|x64.ActiveCfg = Debug|Any CPU
		{6CED2FC1-AA87-4544-80BF-DF499547392B}.Debug|x64.Build.0 = Debug|Any CPU
		{6CED2FC1-AA87-4544-80BF-DF499547392B}.Debug|x86.ActiveCfg = Debug|Any CPU
		{6CED2FC1-AA87-4544-80BF-DF499547392B}.Debug|x86.Build.0 = Debug|Any CPU
		{6CED2FC1-AA87-4544-80BF-DF499547392B}.Release|Any CPU.ActiveCfg = Release|Any CPU
		{6CED2FC1-AA87-4544-80BF-DF499547392B}.Release|Any CPU.Build.0 = Release|Any CPU
		{6CED2FC1-AA87-4544-80BF-DF499547392B}.Release|x64.ActiveCfg = Release|Any CPU
		{6CED2FC1-AA87-4544-80BF-DF499547392B}.Release|x64.Build.0 = Release|Any CPU
		{6CED2FC1-AA87-4544-80BF-DF499547392B}.Release|x86.ActiveCfg = Release|Any CPU
		{6CED2FC1-AA87-4544-80BF-DF499547392B}.Release|x86.Build.0 = Release|Any CPU
		{63DA658D-9327-4599-B225-3F89C689B49D}.Debug|Any CPU.ActiveCfg = Debug|Any CPU
		{63DA658D-9327-4599-B225-3F89C689B49D}.Debug|Any CPU.Build.0 = Debug|Any CPU
		{63DA658D-9327-4599-B225-3F89C689B49D}.Debug|x64.ActiveCfg = Debug|Any CPU
		{63DA658D-9327-4599-B225-3F89C689B49D}.Debug|x64.Build.0 = Debug|Any CPU
		{63DA658D-9327-4599-B225-3F89C689B49D}.Debug|x86.ActiveCfg = Debug|Any CPU
		{63DA658D-9327-4599-B225-3F89C689B49D}.Debug|x86.Build.0 = Debug|Any CPU
		{63DA658D-9327-4599-B225-3F89C689B49D}.Release|Any CPU.ActiveCfg = Release|Any CPU
		{63DA658D-9327-4599-B225-3F89C689B49D}.Release|Any CPU.Build.0 = Release|Any CPU
		{63DA658D-9327-4599-B225-3F89C689B49D}.Release|x64.ActiveCfg = Release|Any CPU
		{63DA658D-9327-4599-B225-3F89C689B49D}.Release|x64.Build.0 = Release|Any CPU
		{63DA658D-9327-4599-B225-3F89C689B49D}.Release|x86.ActiveCfg = Release|Any CPU
		{63DA658D-9327-4599-B225-3F89C689B49D}.Release|x86.Build.0 = Release|Any CPU
		{293018D6-ED44-4027-B09C-3B2CAAE64B49}.Debug|Any CPU.ActiveCfg = Debug|Any CPU
		{293018D6-ED44-4027-B09C-3B2CAAE64B49}.Debug|Any CPU.Build.0 = Debug|Any CPU
		{293018D6-ED44-4027-B09C-3B2CAAE64B49}.Debug|x64.ActiveCfg = Debug|Any CPU
		{293018D6-ED44-4027-B09C-3B2CAAE64B49}.Debug|x64.Build.0 = Debug|Any CPU
		{293018D6-ED44-4027-B09C-3B2CAAE64B49}.Debug|x86.ActiveCfg = Debug|Any CPU
		{293018D6-ED44-4027-B09C-3B2CAAE64B49}.Debug|x86.Build.0 = Debug|Any CPU
		{293018D6-ED44-4027-B09C-3B2CAAE64B49}.Release|Any CPU.ActiveCfg = Release|Any CPU
		{293018D6-ED44-4027-B09C-3B2CAAE64B49}.Release|Any CPU.Build.0 = Release|Any CPU
		{293018D6-ED44-4027-B09C-3B2CAAE64B49}.Release|x64.ActiveCfg = Release|Any CPU
		{293018D6-ED44-4027-B09C-3B2CAAE64B49}.Release|x64.Build.0 = Release|Any CPU
		{293018D6-ED44-4027-B09C-3B2CAAE64B49}.Release|x86.ActiveCfg = Release|Any CPU
		{293018D6-ED44-4027-B09C-3B2CAAE64B49}.Release|x86.Build.0 = Release|Any CPU
		{8298A3F3-6192-4AEE-9059-78EA84C65508}.Debug|Any CPU.ActiveCfg = Debug|Any CPU
		{8298A3F3-6192-4AEE-9059-78EA84C65508}.Debug|Any CPU.Build.0 = Debug|Any CPU
		{8298A3F3-6192-4AEE-9059-78EA84C65508}.Debug|x64.ActiveCfg = Debug|Any CPU
		{8298A3F3-6192-4AEE-9059-78EA84C65508}.Debug|x64.Build.0 = Debug|Any CPU
		{8298A3F3-6192-4AEE-9059-78EA84C65508}.Debug|x86.ActiveCfg = Debug|Any CPU
		{8298A3F3-6192-4AEE-9059-78EA84C65508}.Debug|x86.Build.0 = Debug|Any CPU
		{8298A3F3-6192-4AEE-9059-78EA84C65508}.Release|Any CPU.ActiveCfg = Release|Any CPU
		{8298A3F3-6192-4AEE-9059-78EA84C65508}.Release|Any CPU.Build.0 = Release|Any CPU
		{8298A3F3-6192-4AEE-9059-78EA84C65508}.Release|x64.ActiveCfg = Release|Any CPU
		{8298A3F3-6192-4AEE-9059-78EA84C65508}.Release|x64.Build.0 = Release|Any CPU
		{8298A3F3-6192-4AEE-9059-78EA84C65508}.Release|x86.ActiveCfg = Release|Any CPU
		{8298A3F3-6192-4AEE-9059-78EA84C65508}.Release|x86.Build.0 = Release|Any CPU
		{513BCD4C-0B0B-4AB3-B2CC-CEFAEBEE6A15}.Debug|Any CPU.ActiveCfg = Debug|Any CPU
		{513BCD4C-0B0B-4AB3-B2CC-CEFAEBEE6A15}.Debug|Any CPU.Build.0 = Debug|Any CPU
		{513BCD4C-0B0B-4AB3-B2CC-CEFAEBEE6A15}.Debug|x64.ActiveCfg = Debug|Any CPU
		{513BCD4C-0B0B-4AB3-B2CC-CEFAEBEE6A15}.Debug|x64.Build.0 = Debug|Any CPU
		{513BCD4C-0B0B-4AB3-B2CC-CEFAEBEE6A15}.Debug|x86.ActiveCfg = Debug|Any CPU
		{513BCD4C-0B0B-4AB3-B2CC-CEFAEBEE6A15}.Debug|x86.Build.0 = Debug|Any CPU
		{513BCD4C-0B0B-4AB3-B2CC-CEFAEBEE6A15}.Release|Any CPU.ActiveCfg = Release|Any CPU
		{513BCD4C-0B0B-4AB3-B2CC-CEFAEBEE6A15}.Release|Any CPU.Build.0 = Release|Any CPU
		{513BCD4C-0B0B-4AB3-B2CC-CEFAEBEE6A15}.Release|x64.ActiveCfg = Release|Any CPU
		{513BCD4C-0B0B-4AB3-B2CC-CEFAEBEE6A15}.Release|x64.Build.0 = Release|Any CPU
		{513BCD4C-0B0B-4AB3-B2CC-CEFAEBEE6A15}.Release|x86.ActiveCfg = Release|Any CPU
		{513BCD4C-0B0B-4AB3-B2CC-CEFAEBEE6A15}.Release|x86.Build.0 = Release|Any CPU
		{0E3067CF-2E1C-4068-80DE-DBEAAF239CEF}.Debug|Any CPU.ActiveCfg = Debug|Any CPU
		{0E3067CF-2E1C-4068-80DE-DBEAAF239CEF}.Debug|Any CPU.Build.0 = Debug|Any CPU
		{0E3067CF-2E1C-4068-80DE-DBEAAF239CEF}.Debug|x64.ActiveCfg = Debug|Any CPU
		{0E3067CF-2E1C-4068-80DE-DBEAAF239CEF}.Debug|x64.Build.0 = Debug|Any CPU
		{0E3067CF-2E1C-4068-80DE-DBEAAF239CEF}.Debug|x86.ActiveCfg = Debug|Any CPU
		{0E3067CF-2E1C-4068-80DE-DBEAAF239CEF}.Debug|x86.Build.0 = Debug|Any CPU
		{0E3067CF-2E1C-4068-80DE-DBEAAF239CEF}.Release|Any CPU.ActiveCfg = Release|Any CPU
		{0E3067CF-2E1C-4068-80DE-DBEAAF239CEF}.Release|Any CPU.Build.0 = Release|Any CPU
		{0E3067CF-2E1C-4068-80DE-DBEAAF239CEF}.Release|x64.ActiveCfg = Release|Any CPU
		{0E3067CF-2E1C-4068-80DE-DBEAAF239CEF}.Release|x64.Build.0 = Release|Any CPU
		{0E3067CF-2E1C-4068-80DE-DBEAAF239CEF}.Release|x86.ActiveCfg = Release|Any CPU
		{0E3067CF-2E1C-4068-80DE-DBEAAF239CEF}.Release|x86.Build.0 = Release|Any CPU
		{817AD6DB-9466-4CB5-92AB-62A41F0E8106}.Debug|Any CPU.ActiveCfg = Debug|Any CPU
		{817AD6DB-9466-4CB5-92AB-62A41F0E8106}.Debug|Any CPU.Build.0 = Debug|Any CPU
		{817AD6DB-9466-4CB5-92AB-62A41F0E8106}.Debug|x64.ActiveCfg = Debug|Any CPU
		{817AD6DB-9466-4CB5-92AB-62A41F0E8106}.Debug|x64.Build.0 = Debug|Any CPU
		{817AD6DB-9466-4CB5-92AB-62A41F0E8106}.Debug|x86.ActiveCfg = Debug|Any CPU
		{817AD6DB-9466-4CB5-92AB-62A41F0E8106}.Debug|x86.Build.0 = Debug|Any CPU
		{817AD6DB-9466-4CB5-92AB-62A41F0E8106}.Release|Any CPU.ActiveCfg = Release|Any CPU
		{817AD6DB-9466-4CB5-92AB-62A41F0E8106}.Release|Any CPU.Build.0 = Release|Any CPU
		{817AD6DB-9466-4CB5-92AB-62A41F0E8106}.Release|x64.ActiveCfg = Release|Any CPU
		{817AD6DB-9466-4CB5-92AB-62A41F0E8106}.Release|x64.Build.0 = Release|Any CPU
		{817AD6DB-9466-4CB5-92AB-62A41F0E8106}.Release|x86.ActiveCfg = Release|Any CPU
		{817AD6DB-9466-4CB5-92AB-62A41F0E8106}.Release|x86.Build.0 = Release|Any CPU
		{3A845B8B-7DCE-4256-9B60-26D240983853}.Debug|Any CPU.ActiveCfg = Debug|Any CPU
		{3A845B8B-7DCE-4256-9B60-26D240983853}.Debug|Any CPU.Build.0 = Debug|Any CPU
		{3A845B8B-7DCE-4256-9B60-26D240983853}.Debug|x64.ActiveCfg = Debug|Any CPU
		{3A845B8B-7DCE-4256-9B60-26D240983853}.Debug|x64.Build.0 = Debug|Any CPU
		{3A845B8B-7DCE-4256-9B60-26D240983853}.Debug|x86.ActiveCfg = Debug|Any CPU
		{3A845B8B-7DCE-4256-9B60-26D240983853}.Debug|x86.Build.0 = Debug|Any CPU
		{3A845B8B-7DCE-4256-9B60-26D240983853}.Release|Any CPU.ActiveCfg = Release|Any CPU
		{3A845B8B-7DCE-4256-9B60-26D240983853}.Release|Any CPU.Build.0 = Release|Any CPU
		{3A845B8B-7DCE-4256-9B60-26D240983853}.Release|x64.ActiveCfg = Release|Any CPU
		{3A845B8B-7DCE-4256-9B60-26D240983853}.Release|x64.Build.0 = Release|Any CPU
		{3A845B8B-7DCE-4256-9B60-26D240983853}.Release|x86.ActiveCfg = Release|Any CPU
		{3A845B8B-7DCE-4256-9B60-26D240983853}.Release|x86.Build.0 = Release|Any CPU
	EndGlobalSection
	GlobalSection(SolutionProperties) = preSolution
		HideSolutionNode = FALSE
	EndGlobalSection
	GlobalSection(NestedProjects) = preSolution
		{74888C7A-53B6-4F9D-B9E8-3378D11B53FB} = {827E0CD3-B72D-47B6-A68D-7590B98EB39B}
		{EF3201C4-1B09-4E37-8A4F-5CA9CB8FE952} = {827E0CD3-B72D-47B6-A68D-7590B98EB39B}
		{6CED2FC1-AA87-4544-80BF-DF499547392B} = {827E0CD3-B72D-47B6-A68D-7590B98EB39B}
		{63DA658D-9327-4599-B225-3F89C689B49D} = {827E0CD3-B72D-47B6-A68D-7590B98EB39B}
		{293018D6-ED44-4027-B09C-3B2CAAE64B49} = {827E0CD3-B72D-47B6-A68D-7590B98EB39B}
		{8298A3F3-6192-4AEE-9059-78EA84C65508} = {0AB3BF05-4346-4AA6-1389-037BE0695223}
		{513BCD4C-0B0B-4AB3-B2CC-CEFAEBEE6A15} = {0AB3BF05-4346-4AA6-1389-037BE0695223}
		{0E3067CF-2E1C-4068-80DE-DBEAAF239CEF} = {0AB3BF05-4346-4AA6-1389-037BE0695223}
		{817AD6DB-9466-4CB5-92AB-62A41F0E8106} = {827E0CD3-B72D-47B6-A68D-7590B98EB39B}
		{3A845B8B-7DCE-4256-9B60-26D240983853} = {0AB3BF05-4346-4AA6-1389-037BE0695223}
	EndGlobalSection
EndGlobal
